
Microsoft Visual Studio Solution File, Format Version 12.00
# Visual Studio Version 16
VisualStudioVersion = 16.0.31129.286
MinimumVisualStudioVersion = 10.0.40219.1
Project("{9A19103F-16F7-4668-BE54-9A1E7A4F7556}") = "GenAlpha", "GenAlpha.csproj", "{6310FBAC-271B-45B2-BBDF-2C4A4B0452AB}"
EndProject
Project("{FAE04EC0-301F-11D3-BF4B-00C04F79EFBC}") = "GenAlpha.Core", "..\GenAlpha.Core\GenAlpha.Core.csproj", "{86C9CC81-390B-4546-AABF-DC52BA985EFA}"
EndProject
Global
	GlobalSection(SolutionConfigurationPlatforms) = preSolution
		Debug|Any CPU = Debug|Any CPU
		Release|Any CPU = Release|Any CPU
	EndGlobalSection
	GlobalSection(ProjectConfigurationPlatforms) = postSolution
		{6310FBAC-271B-45B2-BBDF-2C4A4B0452AB}.Debug|Any CPU.ActiveCfg = Debug|Any CPU
		{6310FBAC-271B-45B2-BBDF-2C4A4B0452AB}.Debug|Any CPU.Build.0 = Debug|Any CPU
		{6310FBAC-271B-45B2-BBDF-2C4A4B0452AB}.Release|Any CPU.ActiveCfg = Release|Any CPU
		{6310FBAC-271B-45B2-BBDF-2C4A4B0452AB}.Release|Any CPU.Build.0 = Release|Any CPU
		{86C9CC81-390B-4546-AABF-DC52BA985EFA}.Debug|Any CPU.ActiveCfg = Debug|Any CPU
		{86C9CC81-390B-4546-AABF-DC52BA985EFA}.Debug|Any CPU.Build.0 = Debug|Any CPU
		{86C9CC81-390B-4546-AABF-DC52BA985EFA}.Release|Any CPU.ActiveCfg = Release|Any CPU
		{86C9CC81-390B-4546-AABF-DC52BA985EFA}.Release|Any CPU.Build.0 = Release|Any CPU
	EndGlobalSection
	GlobalSection(SolutionProperties) = preSolution
		HideSolutionNode = FALSE
	EndGlobalSection
	GlobalSection(ExtensibilityGlobals) = postSolution
		SolutionGuid = {DA1D6490-7ABC-484A-AC0D-DCE1C88E0E49}
	EndGlobalSection
EndGlobal
